<Solution>
  <Folder Name="/.github/">
    <File Path=".github/dependabot.yml" />
  </Folder>
  <Folder Name="/.github/workflows/">
    <File Path=".github/workflows/ci.yml" />
    <File Path=".github/workflows/release.yml" />
  </Folder>
  <Folder Name="/Solution Items/">
    <File Path="Directory.Build.props" />
    <File Path="Directory.Build.targets" />
    <File Path="global.json" />
    <File Path="LICENSE" />
    <File Path="README.md" />
    <File Path="build/PluginBundle.proj" />
  </Folder>
  <Folder Name="/docs/">
    <File Path="docs/README.md" />
    <File Path="docs/dev-guide.md" />
    <File Path="docs/sdk-reference.md" />
    <File Path="docs/cli.md" />
    <File Path="docs/publishing.md" />
    <File Path="docs/release-process.md" />
  </Folder>
  <Folder Name="/plugin-sdk/">
    <File Path="plugin-sdk/Directory.Build.props" />
    <Project Path="plugin-sdk/VelaShell.PluginSdk/VelaShell.PluginSdk.csproj" />
    <Project Path="plugin-sdk/VelaShell.PluginSdk.Testing/VelaShell.PluginSdk.Testing.csproj" />
    <Project Path="plugin-sdk/VelaShell.PluginSdk.Build/VelaShell.PluginSdk.Build.csproj" />
  </Folder>
  <Folder Name="/tools/">
    <Project Path="tools/VelaShell.Plugin.Cli/VelaShell.Plugin.Cli.csproj" />
  </Folder>
  <Folder Name="/templates/">
    <File Path="templates/README.md" />
    <Project Path="templates/VelaShell.Plugin.Templates.csproj" />
  </Folder>
  <Folder Name="/plugins/">
    <File Path="plugins/Directory.Build.props" />
    <File Path="plugins/Directory.Build.targets" />
    <File Path="plugins/README.md" />
    <Project Path="plugins/VelaShell.Plugin.Ai/VelaShell.Plugin.Ai.csproj" />
    <Project Path="plugins/VelaShell.Plugin.HelloWorld/VelaShell.Plugin.HelloWorld.csproj" />
    <Project Path="plugins/VelaShell.Plugin.Redis/VelaShell.Plugin.Redis.csproj" />
    <Project Path="plugins/VelaShell.Plugin.S3/VelaShell.Plugin.S3.csproj" />
    <Project Path="plugins/VelaShell.Plugin.Telnet/VelaShell.Plugin.Telnet.csproj" />
  </Folder>
  <Folder Name="/tests/">
    <File Path="tests/Directory.Build.props" />
    <File Path="tests/Directory.Build.targets" />
    <File Path="tests/Directory.Packages.props" />
    <File Path="tests/velashell.runsettings" />
    <Project Path="tests/VelaShell.PluginSdk.Tests/VelaShell.PluginSdk.Tests.csproj" />
    <Project Path="tests/VelaShell.Plugin.Ai.Tests/VelaShell.Plugin.Ai.Tests.csproj" />
    <Project Path="tests/VelaShell.Plugin.HelloWorld.Tests/VelaShell.Plugin.HelloWorld.Tests.csproj" />
    <Project Path="tests/VelaShell.Plugin.Redis.Tests/VelaShell.Plugin.Redis.Tests.csproj" />
    <Project Path="tests/VelaShell.Plugin.S3.Tests/VelaShell.Plugin.S3.Tests.csproj" />
    <Project Path="tests/VelaShell.Plugin.Telnet.Tests/VelaShell.Plugin.Telnet.Tests.csproj" />
  </Folder>
</Solution>
